// !$*UTF8*$!
{
	archiveVersion = 1;
	classes = {
	};
	objectVersion = 56;
	objects = {

/* Begin PBXBuildFile section */
		A24349492981E49500F60D1A /* AppDetailViewController.swift in Sources */ = {isa = PBXBuildFile; fileRef = A24349482981E49500F60D1A /* AppDetailViewController.swift */; };
		A2E46C192980A7FA009C9510 /* FeatureSectionView.swift in Sources */ = {isa = PBXBuildFile; fileRef = A2E46C182980A7FA009C9510 /* FeatureSectionView.swift */; };
		A2E46C1B2980A821009C9510 /* RankingFeatureSectionView.swift in Sources */ = {isa = PBXBuildFile; fileRef = A2E46C1A2980A821009C9510 /* RankingFeatureSectionView.swift */; };
		A2E46C1D2980A83F009C9510 /* ExchangeCodeButtonView.swift in Sources */ = {isa = PBXBuildFile; fileRef = A2E46C1C2980A83F009C9510 /* ExchangeCodeButtonView.swift */; };
		A2E46C1F2980A89F009C9510 /* FeatureSectionCollectionViewCell.swift in Sources */ = {isa = PBXBuildFile; fileRef = A2E46C1E2980A89F009C9510 /* FeatureSectionCollectionViewCell.swift */; };
		A2E46C212980A8C8009C9510 /* SeparatorView.swift in Sources */ = {isa = PBXBuildFile; fileRef = A2E46C202980A8C8009C9510 /* SeparatorView.swift */; };
		A2E46C232980AD0A009C9510 /* RankingFeatureCollectionViewCell.swift in Sources */ = {isa = PBXBuildFile; fileRef = A2E46C222980AD0A009C9510 /* RankingFeatureCollectionViewCell.swift */; };
		A2E46C272980B11C009C9510 /* Today.plist in Resources */ = {isa = PBXBuildFile; fileRef = A2E46C242980B11B009C9510 /* Today.plist */; };
		A2E46C282980B11C009C9510 /* RankingFeature.plist in Resources */ = {isa = PBXBuildFile; fileRef = A2E46C252980B11B009C9510 /* RankingFeature.plist */; };
		A2E46C292980B11C009C9510 /* Feature.plist in Resources */ = {isa = PBXBuildFile; fileRef = A2E46C262980B11C009C9510 /* Feature.plist */; };
		A2E46C2C2980B6D3009C9510 /* Feature.swift in Sources */ = {isa = PBXBuildFile; fileRef = A2E46C2B2980B6D3009C9510 /* Feature.swift */; };
		A2E46C2E2980B6E4009C9510 /* RankingFeature.swift in Sources */ = {isa = PBXBuildFile; fileRef = A2E46C2D2980B6E4009C9510 /* RankingFeature.swift */; };
		A2F632BD29764FE4003EC2A2 /* AppDelegate.swift in Sources */ = {isa = PBXBuildFile; fileRef = A2F632BC29764FE4003EC2A2 /* AppDelegate.swift */; };
		A2F632BF29764FE4003EC2A2 /* SceneDelegate.swift in Sources */ = {isa = PBXBuildFile; fileRef = A2F632BE29764FE4003EC2A2 /* SceneDelegate.swift */; };
		A2F632C629764FE5003EC2A2 /* Assets.xcassets in Resources */ = {isa = PBXBuildFile; fileRef = A2F632C529764FE5003EC2A2 /* Assets.xcassets */; };
		A2F632C929764FE5003EC2A2 /* LaunchScreen.storyboard in Resources */ = {isa = PBXBuildFile; fileRef = A2F632C729764FE5003EC2A2 /* LaunchScreen.storyboard */; };
		A2F632D72976522C003EC2A2 /* TabBarController.swift in Sources */ = {isa = PBXBuildFile; fileRef = A2F632D62976522C003EC2A2 /* TabBarController.swift */; };
		A2F632DF29765E84003EC2A2 /* TodayViewController.swift in Sources */ = {isa = PBXBuildFile; fileRef = A2F632DE29765E84003EC2A2 /* TodayViewController.swift */; };
		A2F632E2297666C0003EC2A2 /* TodayCollectionViewCell.swift in Sources */ = {isa = PBXBuildFile; fileRef = A2F632E1297666C0003EC2A2 /* TodayCollectionViewCell.swift */; };
		A2F632E4297666D7003EC2A2 /* TodayCollectionHeaderView.swift in Sources */ = {isa = PBXBuildFile; fileRef = A2F632E3297666D7003EC2A2 /* TodayCollectionHeaderView.swift */; };
		A2F632E629766754003EC2A2 /* Today.swift in Sources */ = {isa = PBXBuildFile; fileRef = A2F632E529766754003EC2A2 /* Today.swift */; };
		A2F632EC29766BEF003EC2A2 /* SnapKit in Frameworks */ = {isa = PBXBuildFile; productRef = A2F632EB29766BEF003EC2A2 /* SnapKit */; };
		A2F632EF29766C06003EC2A2 /* Kingfisher in Frameworks */ = {isa = PBXBuildFile; productRef = A2F632EE29766C06003EC2A2 /* Kingfisher */; };
		A2F632F229766FA3003EC2A2 /* AppViewController.swift in Sources */ = {isa = PBXBuildFile; fileRef = A2F632F129766FA3003EC2A2 /* AppViewController.swift */; };
/* End PBXBuildFile section */

/* Begin PBXFileReference section */
		A24349482981E49500F60D1A /* AppDetailViewController.swift */ = {isa = PBXFileReference; lastKnownFileType = sourcecode.swift; path = AppDetailViewController.swift; sourceTree = "<group>"; };
		A2E46C182980A7FA009C9510 /* FeatureSectionView.swift */ = {isa = PBXFileReference; lastKnownFileType = sourcecode.swift; path = FeatureSectionView.swift; sourceTree = "<group>"; };
		A2E46C1A2980A821009C9510 /* RankingFeatureSectionView.swift */ = {isa = PBXFileReference; lastKnownFileType = sourcecode.swift; path = RankingFeatureSectionView.swift; sourceTree = "<group>"; };
		A2E46C1C2980A83F009C9510 /* ExchangeCodeButtonView.swift */ = {isa = PBXFileReference; lastKnownFileType = sourcecode.swift; path = ExchangeCodeButtonView.swift; sourceTree = "<group>"; };
		A2E46C1E2980A89F009C9510 /* FeatureSectionCollectionViewCell.swift */ = {isa = PBXFileReference; lastKnownFileType = sourcecode.swift; path = FeatureSectionCollectionViewCell.swift; sourceTree = "<group>"; };
		A2E46C202980A8C8009C9510 /* SeparatorView.swift */ = {isa = PBXFileReference; lastKnownFileType = sourcecode.swift; path = SeparatorView.swift; sourceTree = "<group>"; };
		A2E46C222980AD0A009C9510 /* RankingFeatureCollectionViewCell.swift */ = {isa = PBXFileReference; lastKnownFileType = sourcecode.swift; path = RankingFeatureCollectionViewCell.swift; sourceTree = "<group>"; };
		A2E46C242980B11B009C9510 /* Today.plist */ = {isa = PBXFileReference; fileEncoding = 4; lastKnownFileType = text.plist.xml; path = Today.plist; sourceTree = "<group>"; };
		A2E46C252980B11B009C9510 /* RankingFeature.plist */ = {isa = PBXFileReference; fileEncoding = 4; lastKnownFileType = text.plist.xml; path = RankingFeature.plist; sourceTree = "<group>"; };
		A2E46C262980B11C009C9510 /* Feature.plist */ = {isa = PBXFileReference; fileEncoding = 4; lastKnownFileType = text.plist.xml; path = Feature.plist; sourceTree = "<group>"; };
		A2E46C2B2980B6D3009C9510 /* Feature.swift */ = {isa = PBXFileReference; lastKnownFileType = sourcecode.swift; path = Feature.swift; sourceTree = "<group>"; };
		A2E46C2D2980B6E4009C9510 /* RankingFeature.swift */ = {isa = PBXFileReference; lastKnownFileType = sourcecode.swift; path = RankingFeature.swift; sourceTree = "<group>"; };
		A2F632B929764FE4003EC2A2 /* AppStoreMainClone.app */ = {isa = PBXFileReference; explicitFileType = wrapper.application; includeInIndex = 0; path = AppStoreMainClone.app; sourceTree = BUILT_PRODUCTS_DIR; };
		A2F632BC29764FE4003EC2A2 /* AppDelegate.swift */ = {isa = PBXFileReference; lastKnownFileType = sourcecode.swift; path = AppDelegate.swift; sourceTree = "<group>"; };
		A2F632BE29764FE4003EC2A2 /* SceneDelegate.swift */ = {isa = PBXFileReference; lastKnownFileType = sourcecode.swift; path = SceneDelegate.swift; sourceTree = "<group>"; };
		A2F632C529764FE5003EC2A2 /* Assets.xcassets */ = {isa = PBXFileReference; lastKnownFileType = folder.assetcatalog; path = Assets.xcassets; sourceTree = "<group>"; };
		A2F632C829764FE5003EC2A2 /* Base */ = {isa = PBXFileReference; lastKnownFileType = file.storyboard; name = Base; path = Base.lproj/LaunchScreen.storyboard; sourceTree = "<group>"; };
		A2F632CA29764FE5003EC2A2 /* Info.plist */ = {isa = PBXFileReference; lastKnownFileType = text.plist.xml; path = Info.plist; sourceTree = "<group>"; };
		A2F632D62976522C003EC2A2 /* TabBarController.swift */ = {isa = PBXFileReference; lastKnownFileType = sourcecode.swift; path = TabBarController.swift; sourceTree = "<group>"; };
		A2F632DE29765E84003EC2A2 /* TodayViewController.swift */ = {isa = PBXFileReference; lastKnownFileType = sourcecode.swift; path = TodayViewController.swift; sourceTree = "<group>"; };
		A2F632E1297666C0003EC2A2 /* TodayCollectionViewCell.swift */ = {isa = PBXFileReference; lastKnownFileType = sourcecode.swift; path = TodayCollectionViewCell.swift; sourceTree = "<group>"; };
		A2F632E3297666D7003EC2A2 /* TodayCollectionHeaderView.swift */ = {isa = PBXFileReference; lastKnownFileType = sourcecode.swift; path = TodayCollectionHeaderView.swift; sourceTree = "<group>"; };
		A2F632E529766754003EC2A2 /* Today.swift */ = {isa = PBXFileReference; lastKnownFileType = sourcecode.swift; path = Today.swift; sourceTree = "<group>"; };
		A2F632F129766FA3003EC2A2 /* AppViewController.swift */ = {isa = PBXFileReference; lastKnownFileType = sourcecode.swift; path = AppViewController.swift; sourceTree = "<group>"; };
/* End PBXFileReference section */

/* Begin PBXFrameworksBuildPhase section */
		A2F632B629764FE4003EC2A2 /* Frameworks */ = {
			isa = PBXFrameworksBuildPhase;
			buildActionMask = 2147483647;
			files = (
				A2F632EF29766C06003EC2A2 /* Kingfisher in Frameworks */,
				A2F632EC29766BEF003EC2A2 /* SnapKit in Frameworks */,
			);
			runOnlyForDeploymentPostprocessing = 0;
		};
/* End PBXFrameworksBuildPhase section */

/* Begin PBXGroup section */
		A2E46C2A2980B126009C9510 /* Data */ = {
			isa = PBXGroup;
			children = (
				A2E46C242980B11B009C9510 /* Today.plist */,
				A2E46C262980B11C009C9510 /* Feature.plist */,
				A2E46C252980B11B009C9510 /* RankingFeature.plist */,
			);
			path = Data;
			sourceTree = "<group>";
		};
		A2F632B029764FE4003EC2A2 = {
			isa = PBXGroup;
			children = (
				A2F632BB29764FE4003EC2A2 /* AppStoreMainClone */,
				A2F632BA29764FE4003EC2A2 /* Products */,
			);
			sourceTree = "<group>";
		};
		A2F632BA29764FE4003EC2A2 /* Products */ = {
			isa = PBXGroup;
			children = (
				A2F632B929764FE4003EC2A2 /* AppStoreMainClone.app */,
			);
			name = Products;
			sourceTree = "<group>";
		};
		A2F632BB29764FE4003EC2A2 /* AppStoreMainClone */ = {
			isa = PBXGroup;
			children = (
				A2F632BC29764FE4003EC2A2 /* AppDelegate.swift */,
				A2F632BE29764FE4003EC2A2 /* SceneDelegate.swift */,
				A2F632E529766754003EC2A2 /* Today.swift */,
				A2E46C2B2980B6D3009C9510 /* Feature.swift */,
				A2E46C2D2980B6E4009C9510 /* RankingFeature.swift */,
				A2F632E0297665A2003EC2A2 /* Scenes */,
				A2E46C2A2980B126009C9510 /* Data */,
				A2F632C529764FE5003EC2A2 /* Assets.xcassets */,
				A2F632C729764FE5003EC2A2 /* LaunchScreen.storyboard */,
				A2F632CA29764FE5003EC2A2 /* Info.plist */,
			);
			path = AppStoreMainClone;
			sourceTree = "<group>";
		};
		A2F632E0297665A2003EC2A2 /* Scenes */ = {
			isa = PBXGroup;
			children = (
				A2F632F329766FA7003EC2A2 /* App */,
				A2F632F029766F90003EC2A2 /* Today */,
				A2F632D62976522C003EC2A2 /* TabBarController.swift */,
				A24349482981E49500F60D1A /* AppDetailViewController.swift */,
			);
			path = Scenes;
			sourceTree = "<group>";
		};
		A2F632F029766F90003EC2A2 /* Today */ = {
			isa = PBXGroup;
			children = (
				A2F632DE29765E84003EC2A2 /* TodayViewController.swift */,
				A2F632E3297666D7003EC2A2 /* TodayCollectionHeaderView.swift */,
				A2F632E1297666C0003EC2A2 /* TodayCollectionViewCell.swift */,
			);
			path = Today;
			sourceTree = "<group>";
		};
		A2F632F329766FA7003EC2A2 /* App */ = {
			isa = PBXGroup;
			children = (
				A2F632F129766FA3003EC2A2 /* AppViewController.swift */,
				A2E46C202980A8C8009C9510 /* SeparatorView.swift */,
				A2E46C182980A7FA009C9510 /* FeatureSectionView.swift */,
				A2E46C1E2980A89F009C9510 /* FeatureSectionCollectionViewCell.swift */,
				A2E46C1A2980A821009C9510 /* RankingFeatureSectionView.swift */,
				A2E46C222980AD0A009C9510 /* RankingFeatureCollectionViewCell.swift */,
				A2E46C1C2980A83F009C9510 /* ExchangeCodeButtonView.swift */,
			);
			path = App;
			sourceTree = "<group>";
		};
/* End PBXGroup section */

/* Begin PBXNativeTarget section */
		A2F632B829764FE4003EC2A2 /* AppStoreMainClone */ = {
			isa = PBXNativeTarget;
			buildConfigurationList = A2F632CD29764FE5003EC2A2 /* Build configuration list for PBXNativeTarget "AppStoreMainClone" */;
			buildPhases = (
				A2F632B529764FE4003EC2A2 /* Sources */,
				A2F632B629764FE4003EC2A2 /* Frameworks */,
				A2F632B729764FE4003EC2A2 /* Resources */,
			);
			buildRules = (
			);
			dependencies = (
			);
			name = AppStoreMainClone;
			packageProductDependencies = (
				A2F632EB29766BEF003EC2A2 /* SnapKit */,
				A2F632EE29766C06003EC2A2 /* Kingfisher */,
			);
			productName = AppStoreMainClone;
			productReference = A2F632B929764FE4003EC2A2 /* AppStoreMainClone.app */;
			productType = "com.apple.product-type.application";
		};
/* End PBXNativeTarget section */

/* Begin PBXProject section */
		A2F632B129764FE4003EC2A2 /* Project object */ = {
			isa = PBXProject;
			attributes = {
				BuildIndependentTargetsInParallel = 1;
				LastSwiftUpdateCheck = 1410;
				LastUpgradeCheck = 1410;
				TargetAttributes = {
					A2F632B829764FE4003EC2A2 = {
						CreatedOnToolsVersion = 14.1;
					};
				};
			};
			buildConfigurationList = A2F632B429764FE4003EC2A2 /* Build configuration list for PBXProject "AppStoreMainClone" */;
			compatibilityVersion = "Xcode 14.0";
			developmentRegion = en;
			hasScannedForEncodings = 0;
			knownRegions = (
				en,
				Base,
			);
			mainGroup = A2F632B029764FE4003EC2A2;
			packageReferences = (
				A2F632EA29766BEF003EC2A2 /* XCRemoteSwiftPackageReference "SnapKit" */,
				A2F632ED29766C06003EC2A2 /* XCRemoteSwiftPackageReference "Kingfisher" */,
			);
			productRefGroup = A2F632BA29764FE4003EC2A2 /* Products */;
			projectDirPath = "";
			projectRoot = "";
			targets = (
				A2F632B829764FE4003EC2A2 /* AppStoreMainClone */,
			);
		};
/* End PBXProject section */

/* Begin PBXResourcesBuildPhase section */
		A2F632B729764FE4003EC2A2 /* Resources */ = {
			isa = PBXResourcesBuildPhase;
			buildActionMask = 2147483647;
			files = (
				A2E46C282980B11C009C9510 /* RankingFeature.plist in Resources */,
				A2F632C929764FE5003EC2A2 /* LaunchScreen.storyboard in Resources */,
				A2E46C292980B11C009C9510 /* Feature.plist in Resources */,
				A2E46C272980B11C009C9510 /* Today.plist in Resources */,
				A2F632C629764FE5003EC2A2 /* Assets.xcassets in Resources */,
			);
			runOnlyForDeploymentPostprocessing = 0;
		};
/* End PBXResourcesBuildPhase section */

/* Begin PBXSourcesBuildPhase section */
		A2F632B529764FE4003EC2A2 /* Sources */ = {
			isa = PBXSourcesBuildPhase;
			buildActionMask = 2147483647;
			files = (
				A2E46C212980A8C8009C9510 /* SeparatorView.swift in Sources */,
				A2F632DF29765E84003EC2A2 /* TodayViewController.swift in Sources */,
				A2F632D72976522C003EC2A2 /* TabBarController.swift in Sources */,
				A2E46C192980A7FA009C9510 /* FeatureSectionView.swift in Sources */,
				A2F632BD29764FE4003EC2A2 /* AppDelegate.swift in Sources */,
				A2E46C2E2980B6E4009C9510 /* RankingFeature.swift in Sources */,
				A2E46C1B2980A821009C9510 /* RankingFeatureSectionView.swift in Sources */,
				A2E46C1F2980A89F009C9510 /* FeatureSectionCollectionViewCell.swift in Sources */,
				A2F632F229766FA3003EC2A2 /* AppViewController.swift in Sources */,
				A2E46C1D2980A83F009C9510 /* ExchangeCodeButtonView.swift in Sources */,
				A2F632E4297666D7003EC2A2 /* TodayCollectionHeaderView.swift in Sources */,
				A2F632BF29764FE4003EC2A2 /* SceneDelegate.swift in Sources */,
				A2F632E629766754003EC2A2 /* Today.swift in Sources */,
				A24349492981E49500F60D1A /* AppDetailViewController.swift in Sources */,
				A2E46C2C2980B6D3009C9510 /* Feature.swift in Sources */,
				A2E46C232980AD0A009C9510 /* RankingFeatureCollectionViewCell.swift in Sources */,
				A2F632E2297666C0003EC2A2 /* TodayCollectionViewCell.swift in Sources */,
			);
			runOnlyForDeploymentPostprocessing = 0;
		};
/* End PBXSourcesBuildPhase section */

/* Begin PBXVariantGroup section */
		A2F632C729764FE5003EC2A2 /* LaunchScreen.storyboard */ = {
			isa = PBXVariantGroup;
			children = (
				A2F632C829764FE5003EC2A2 /* Base */,
			);
			name = LaunchScreen.storyboard;
			sourceTree = "<group>";
		};
/* End PBXVariantGroup section */

/* Begin XCBuildConfiguration section */
		A2F632CB29764FE5003EC2A2 /* Debug */ = {
			isa = XCBuildConfiguration;
			buildSettings = {
				ALWAYS_SEARCH_USER_PATHS = NO;
				CLANG_ANALYZER_NONNULL = YES;
				CLANG_ANALYZER_NUMBER_OBJECT_CONVERSION = YES_AGGRESSIVE;
				CLANG_CXX_LANGUAGE_STANDARD = "gnu++20";
				CLANG_ENABLE_MODULES = YES;
				CLANG_ENABLE_OBJC_ARC = YES;
				CLANG_ENABLE_OBJC_WEAK = YES;
				CLANG_WARN_BLOCK_CAPTURE_AUTORELEASING = YES;
				CLANG_WARN_BOOL_CONVERSION = YES;
				CLANG_WARN_COMMA = YES;
				CLANG_WARN_CONSTANT_CONVERSION = YES;
				CLANG_WARN_DEPRECATED_OBJC_IMPLEMENTATIONS = YES;
				CLANG_WARN_DIRECT_OBJC_ISA_USAGE = YES_ERROR;
				CLANG_WARN_DOCUMENTATION_COMMENTS = YES;
				CLANG_WARN_EMPTY_BODY = YES;
				CLANG_WARN_ENUM_CONVERSION = YES;
				CLANG_WARN_INFINITE_RECURSION = YES;
				CLANG_WARN_INT_CONVERSION = YES;
				CLANG_WARN_NON_LITERAL_NULL_CONVERSION = YES;
				CLANG_WARN_OBJC_IMPLICIT_RETAIN_SELF = YES;
				CLANG_WARN_OBJC_LITERAL_CONVERSION = YES;
				CLANG_WARN_OBJC_ROOT_CLASS = YES_ERROR;
				CLANG_WARN_QUOTED_INCLUDE_IN_FRAMEWORK_HEADER = YES;
				CLANG_WARN_RANGE_LOOP_ANALYSIS = YES;
				CLANG_WARN_STRICT_PROTOTYPES = YES;
				CLANG_WARN_SUSPICIOUS_MOVE = YES;
				CLANG_WARN_UNGUARDED_AVAILABILITY = YES_AGGRESSIVE;
				CLANG_WARN_UNREACHABLE_CODE = YES;
				CLANG_WARN__DUPLICATE_METHOD_MATCH = YES;
				COPY_PHASE_STRIP = NO;
				DEBUG_INFORMATION_FORMAT = dwarf;
				ENABLE_STRICT_OBJC_MSGSEND = YES;
				ENABLE_TESTABILITY = YES;
				GCC_C_LANGUAGE_STANDARD = gnu11;
				GCC_DYNAMIC_NO_PIC = NO;
				GCC_NO_COMMON_BLOCKS = YES;
				GCC_OPTIMIZATION_LEVEL = 0;
				GCC_PREPROCESSOR_DEFINITIONS = (
					"DEBUG=1",
					"$(inherited)",
				);
				GCC_WARN_64_TO_32_BIT_CONVERSION = YES;
				GCC_WARN_ABOUT_RETURN_TYPE = YES_ERROR;
				GCC_WARN_UNDECLARED_SELECTOR = YES;
				GCC_WARN_UNINITIALIZED_AUTOS = YES_AGGRESSIVE;
				GCC_WARN_UNUSED_FUNCTION = YES;
				GCC_WARN_UNUSED_VARIABLE = YES;
				IPHONEOS_DEPLOYMENT_TARGET = 16.1;
				MTL_ENABLE_DEBUG_INFO = INCLUDE_SOURCE;
				MTL_FAST_MATH = YES;
				ONLY_ACTIVE_ARCH = YES;
				SDKROOT = iphoneos;
				SWIFT_ACTIVE_COMPILATION_CONDITIONS = DEBUG;
				SWIFT_OPTIMIZATION_LEVEL = "-Onone";
			};
			name = Debug;
		};
		A2F632CC29764FE5003EC2A2 /* Release */ = {
			isa = XCBuildConfiguration;
			buildSettings = {
				ALWAYS_SEARCH_USER_PATHS = NO;
				CLANG_ANALYZER_NONNULL = YES;
				CLANG_ANALYZER_NUMBER_OBJECT_CONVERSION = YES_AGGRESSIVE;
				CLANG_CXX_LANGUAGE_STANDARD = "gnu++20";
				CLANG_ENABLE_MODULES = YES;
				CLANG_ENABLE_OBJC_ARC = YES;
				CLANG_ENABLE_OBJC_WEAK = YES;
				CLANG_WARN_BLOCK_CAPTURE_AUTORELEASING = YES;
				CLANG_WARN_BOOL_CONVERSION = YES;
				CLANG_WARN_COMMA = YES;
				CLANG_WARN_CONSTANT_CONVERSION = YES;
				CLANG_WARN_DEPRECATED_OBJC_IMPLEMENTATIONS = YES;
				CLANG_WARN_DIRECT_OBJC_ISA_USAGE = YES_ERROR;
				CLANG_WARN_DOCUMENTATION_COMMENTS = YES;
				CLANG_WARN_EMPTY_BODY = YES;
				CLANG_WARN_ENUM_CONVERSION = YES;
				CLANG_WARN_INFINITE_RECURSION = YES;
				CLANG_WARN_INT_CONVERSION = YES;
				CLANG_WARN_NON_LITERAL_NULL_CONVERSION = YES;
				CLANG_WARN_OBJC_IMPLICIT_RETAIN_SELF = YES;
				CLANG_WARN_OBJC_LITERAL_CONVERSION = YES;
				CLANG_WARN_OBJC_ROOT_CLASS = YES_ERROR;
				CLANG_WARN_QUOTED_INCLUDE_IN_FRAMEWORK_HEADER = YES;
				CLANG_WARN_RANGE_LOOP_ANALYSIS = YES;
				CLANG_WARN_STRICT_PROTOTYPES = YES;
				CLANG_WARN_SUSPICIOUS_MOVE = YES;
				CLANG_WARN_UNGUARDED_AVAILABILITY = YES_AGGRESSIVE;
				CLANG_WARN_UNREACHABLE_CODE = YES;
				CLANG_WARN__DUPLICATE_METHOD_MATCH = YES;
				COPY_PHASE_STRIP = NO;
				DEBUG_INFORMATION_FORMAT = "dwarf-with-dsym";
				ENABLE_NS_ASSERTIONS = NO;
				ENABLE_STRICT_OBJC_MSGSEND = YES;
				GCC_C_LANGUAGE_STANDARD = gnu11;
				GCC_NO_COMMON_BLOCKS = YES;
				GCC_WARN_64_TO_32_BIT_CONVERSION = YES;
				GCC_WARN_ABOUT_RETURN_TYPE = YES_ERROR;
				GCC_WARN_UNDECLARED_SELECTOR = YES;
				GCC_WARN_UNINITIALIZED_AUTOS = YES_AGGRESSIVE;
				GCC_WARN_UNUSED_FUNCTION = YES;
				GCC_WARN_UNUSED_VARIABLE = YES;
				IPHONEOS_DEPLOYMENT_TARGET = 16.1;
				MTL_ENABLE_DEBUG_INFO = NO;
				MTL_FAST_MATH = YES;
				SDKROOT = iphoneos;
				SWIFT_COMPILATION_MODE = wholemodule;
				SWIFT_OPTIMIZATION_LEVEL = "-O";
				VALIDATE_PRODUCT = YES;
			};
			name = Release;
		};
		A2F632CE29764FE5003EC2A2 /* Debug */ = {
			isa = XCBuildConfiguration;
			buildSettings = {
				ASSETCATALOG_COMPILER_APPICON_NAME = AppIcon;
				ASSETCATALOG_COMPILER_GLOBAL_ACCENT_COLOR_NAME = AccentColor;
				CODE_SIGN_STYLE = Automatic;
				CURRENT_PROJECT_VERSION = 1;
				DEVELOPMENT_TEAM = J4X458RVHG;
				GENERATE_INFOPLIST_FILE = YES;
				INFOPLIST_FILE = AppStoreMainClone/Info.plist;
				INFOPLIST_KEY_UIApplicationSupportsIndirectInputEvents = YES;
				INFOPLIST_KEY_UILaunchStoryboardName = LaunchScreen;
				INFOPLIST_KEY_UISupportedInterfaceOrientations_iPad = "UIInterfaceOrientationPortrait UIInterfaceOrientationPortraitUpsideDown UIInterfaceOrientationLandscapeLeft UIInterfaceOrientationLandscapeRight";
				INFOPLIST_KEY_UISupportedInterfaceOrientations_iPhone = "UIInterfaceOrientationPortrait UIInterfaceOrientationLandscapeLeft UIInterfaceOrientationLandscapeRight";
				LD_RUNPATH_SEARCH_PATHS = (
					"$(inherited)",
					"@executable_path/Frameworks",
				);
				MARKETING_VERSION = 1.0;
				PRODUCT_BUNDLE_IDENTIFIER = com.choni.kim.AppStoreMainClone;
				PRODUCT_NAME = "$(TARGET_NAME)";
				SWIFT_EMIT_LOC_STRINGS = YES;
				SWIFT_VERSION = 5.0;
				TARGETED_DEVICE_FAMILY = "1,2";
			};
			name = Debug;
		};
		A2F632CF29764FE5003EC2A2 /* Release */ = {
			isa = XCBuildConfiguration;
			buildSettings = {
				ASSETCATALOG_COMPILER_APPICON_NAME = AppIcon;
				ASSETCATALOG_COMPILER_GLOBAL_ACCENT_COLOR_NAME = AccentColor;
				CODE_SIGN_STYLE = Automatic;
				CURRENT_PROJECT_VERSION = 1;
				DEVELOPMENT_TEAM = J4X458RVHG;
				GENERATE_INFOPLIST_FILE = YES;
				INFOPLIST_FILE = AppStoreMainClone/Info.plist;
				INFOPLIST_KEY_UIApplicationSupportsIndirectInputEvents = YES;
				INFOPLIST_KEY_UILaunchStoryboardName = LaunchScreen;
				INFOPLIST_KEY_UISupportedInterfaceOrientations_iPad = "UIInterfaceOrientationPortrait UIInterfaceOrientationPortraitUpsideDown UIInterfaceOrientationLandscapeLeft UIInterfaceOrientationLandscapeRight";
				INFOPLIST_KEY_UISupportedInterfaceOrientations_iPhone = "UIInterfaceOrientationPortrait UIInterfaceOrientationLandscapeLeft UIInterfaceOrientationLandscapeRight";
				LD_RUNPATH_SEARCH_PATHS = (
					"$(inherited)",
					"@executable_path/Frameworks",
				);
				MARKETING_VERSION = 1.0;
				PRODUCT_BUNDLE_IDENTIFIER = com.choni.kim.AppStoreMainClone;
				PRODUCT_NAME = "$(TARGET_NAME)";
				SWIFT_EMIT_LOC_STRINGS = YES;
				SWIFT_VERSION = 5.0;
				TARGETED_DEVICE_FAMILY = "1,2";
			};
			name = Release;
		};
/* End XCBuildConfiguration section */

/* Begin XCConfigurationList section */
		A2F632B429764FE4003EC2A2 /* Build configuration list for PBXProject "AppStoreMainClone" */ = {
			isa = XCConfigurationList;
			buildConfigurations = (
				A2F632CB29764FE5003EC2A2 /* Debug */,
				A2F632CC29764FE5003EC2A2 /* Release */,
			);
			defaultConfigurationIsVisible = 0;
			defaultConfigurationName = Release;
		};
		A2F632CD29764FE5003EC2A2 /* Build configuration list for PBXNativeTarget "AppStoreMainClone" */ = {
			isa = XCConfigurationList;
			buildConfigurations = (
				A2F632CE29764FE5003EC2A2 /* Debug */,
				A2F632CF29764FE5003EC2A2 /* Release */,
			);
			defaultConfigurationIsVisible = 0;
			defaultConfigurationName = Release;
		};
/* End XCConfigurationList section */

/* Begin XCRemoteSwiftPackageReference section */
		A2F632EA29766BEF003EC2A2 /* XCRemoteSwiftPackageReference "SnapKit" */ = {
			isa = XCRemoteSwiftPackageReference;
			repositoryURL = "https://github.com/SnapKit/SnapKit.git";
			requirement = {
				kind = exactVersion;
				version = 5.0.1;
			};
		};
		A2F632ED29766C06003EC2A2 /* XCRemoteSwiftPackageReference "Kingfisher" */ = {
			isa = XCRemoteSwiftPackageReference;
			repositoryURL = "https://github.com/onevcat/Kingfisher.git";
			requirement = {
				kind = exactVersion;
				version = 6.3.1;
			};
		};
/* End XCRemoteSwiftPackageReference section */

/* Begin XCSwiftPackageProductDependency section */
		A2F632EB29766BEF003EC2A2 /* SnapKit */ = {
			isa = XCSwiftPackageProductDependency;
			package = A2F632EA29766BEF003EC2A2 /* XCRemoteSwiftPackageReference "SnapKit" */;
			productName = SnapKit;
		};
		A2F632EE29766C06003EC2A2 /* Kingfisher */ = {
			isa = XCSwiftPackageProductDependency;
			package = A2F632ED29766C06003EC2A2 /* XCRemoteSwiftPackageReference "Kingfisher" */;
			productName = Kingfisher;
		};
/* End XCSwiftPackageProductDependency section */
	};
	rootObject = A2F632B129764FE4003EC2A2 /* Project object */;
}
